// !$*UTF8*$!
{
	archiveVersion = 1;
	classes = {
	};
	objectVersion = 51;
	objects = {

/* Begin PBXBuildFile section */
		89569A026CD4B0BC0789FDFC /* Pods_Uber.framework in Frameworks */ = {isa = PBXBuildFile; fileRef = EEC68E4383853EBDAE168536 /* Pods_Uber.framework */; };
		A592F4A124DD9B5C00141AF6 /* AppDelegate.swift in Sources */ = {isa = PBXBuildFile; fileRef = A592F4A024DD9B5C00141AF6 /* AppDelegate.swift */; };
		A592F4A324DD9B5C00141AF6 /* SceneDelegate.swift in Sources */ = {isa = PBXBuildFile; fileRef = A592F4A224DD9B5C00141AF6 /* SceneDelegate.swift */; };
		A592F4A524DD9B5C00141AF6 /* ViewController.swift in Sources */ = {isa = PBXBuildFile; fileRef = A592F4A424DD9B5C00141AF6 /* ViewController.swift */; };
		A592F4A824DD9B5C00141AF6 /* Main.storyboard in Resources */ = {isa = PBXBuildFile; fileRef = A592F4A624DD9B5C00141AF6 /* Main.storyboard */; };
		A592F4AA24DD9B6500141AF6 /* Assets.xcassets in Resources */ = {isa = PBXBuildFile; fileRef = A592F4A924DD9B6500141AF6 /* Assets.xcassets */; };
		A592F4AD24DD9B6500141AF6 /* LaunchScreen.storyboard in Resources */ = {isa = PBXBuildFile; fileRef = A592F4AB24DD9B6500141AF6 /* LaunchScreen.storyboard */; };
		A592F4B524DD9CA200141AF6 /* GoogleService-Info.plist in Resources */ = {isa = PBXBuildFile; fileRef = A592F4B424DD9CA200141AF6 /* GoogleService-Info.plist */; };
		A592F4B724DF019600141AF6 /* RiderViewController.swift in Sources */ = {isa = PBXBuildFile; fileRef = A592F4B624DF019600141AF6 /* RiderViewController.swift */; };
		A592F4BB24DF7B2400141AF6 /* DriverTableViewController.swift in Sources */ = {isa = PBXBuildFile; fileRef = A592F4BA24DF7B2400141AF6 /* DriverTableViewController.swift */; };
		A592F4BD24DF82CA00141AF6 /* AcceptRequestViewController.swift in Sources */ = {isa = PBXBuildFile; fileRef = A592F4BC24DF82CA00141AF6 /* AcceptRequestViewController.swift */; };
/* End PBXBuildFile section */

/* Begin PBXFileReference section */
		9B36C442A0AC737BD709D355 /* Pods-Uber.release.xcconfig */ = {isa = PBXFileReference; includeInIndex = 1; lastKnownFileType = text.xcconfig; name = "Pods-Uber.release.xcconfig"; path = "Target Support Files/Pods-Uber/Pods-Uber.release.xcconfig"; sourceTree = "<group>"; };
		A592F49D24DD9B5C00141AF6 /* Uber.app */ = {isa = PBXFileReference; explicitFileType = wrapper.application; includeInIndex = 0; path = Uber.app; sourceTree = BUILT_PRODUCTS_DIR; };
		A592F4A024DD9B5C00141AF6 /* AppDelegate.swift */ = {isa = PBXFileReference; lastKnownFileType = sourcecode.swift; path = AppDelegate.swift; sourceTree = "<group>"; };
		A592F4A224DD9B5C00141AF6 /* SceneDelegate.swift */ = {isa = PBXFileReference; lastKnownFileType = sourcecode.swift; path = SceneDelegate.swift; sourceTree = "<group>"; };
		A592F4A424DD9B5C00141AF6 /* ViewController.swift */ = {isa = PBXFileReference; lastKnownFileType = sourcecode.swift; path = ViewController.swift; sourceTree = "<group>"; };
		A592F4A724DD9B5C00141AF6 /* Base */ = {isa = PBXFileReference; lastKnownFileType = file.storyboard; name = Base; path = Base.lproj/Main.storyboard; sourceTree = "<group>"; };
		A592F4A924DD9B6500141AF6 /* Assets.xcassets */ = {isa = PBXFileReference; lastKnownFileType = folder.assetcatalog; path = Assets.xcassets; sourceTree = "<group>"; };
		A592F4AC24DD9B6500141AF6 /* Base */ = {isa = PBXFileReference; lastKnownFileType = file.storyboard; name = Base; path = Base.lproj/LaunchScreen.storyboard; sourceTree = "<group>"; };
		A592F4AE24DD9B6500141AF6 /* Info.plist */ = {isa = PBXFileReference; lastKnownFileType = text.plist.xml; path = Info.plist; sourceTree = "<group>"; };
		A592F4B424DD9CA200141AF6 /* GoogleService-Info.plist */ = {isa = PBXFileReference; fileEncoding = 4; lastKnownFileType = text.plist.xml; path = "GoogleService-Info.plist"; sourceTree = "<group>"; };
		A592F4B624DF019600141AF6 /* RiderViewController.swift */ = {isa = PBXFileReference; lastKnownFileType = sourcecode.swift; path = RiderViewController.swift; sourceTree = "<group>"; };
		A592F4BA24DF7B2400141AF6 /* DriverTableViewController.swift */ = {isa = PBXFileReference; lastKnownFileType = sourcecode.swift; name = DriverTableViewController.swift; path = /Users/briankim/Desktop/Swift/Uber/Uber/DriverTableViewController.swift; sourceTree = "<absolute>"; };
		A592F4BC24DF82CA00141AF6 /* AcceptRequestViewController.swift */ = {isa = PBXFileReference; lastKnownFileType = sourcecode.swift; path = AcceptRequestViewController.swift; sourceTree = "<group>"; };
		BEA42C61DA5E977BE84201DB /* Pods-Uber.debug.xcconfig */ = {isa = PBXFileReference; includeInIndex = 1; lastKnownFileType = text.xcconfig; name = "Pods-Uber.debug.xcconfig"; path = "Target Support Files/Pods-Uber/Pods-Uber.debug.xcconfig"; sourceTree = "<group>"; };
		EEC68E4383853EBDAE168536 /* Pods_Uber.framework */ = {isa = PBXFileReference; explicitFileType = wrapper.framework; includeInIndex = 0; path = Pods_Uber.framework; sourceTree = BUILT_PRODUCTS_DIR; };
/* End PBXFileReference section */

/* Begin PBXFrameworksBuildPhase section */
		A592F49A24DD9B5C00141AF6 /* Frameworks */ = {
			isa = PBXFrameworksBuildPhase;
			buildActionMask = 2147483647;
			files = (
				89569A026CD4B0BC0789FDFC /* Pods_Uber.framework in Frameworks */,
			);
			runOnlyForDeploymentPostprocessing = 0;
		};
/* End PBXFrameworksBuildPhase section */

/* Begin PBXGroup section */
		96B89160F271A19EE0A8078C /* Pods */ = {
			isa = PBXGroup;
			children = (
				BEA42C61DA5E977BE84201DB /* Pods-Uber.debug.xcconfig */,
				9B36C442A0AC737BD709D355 /* Pods-Uber.release.xcconfig */,
			);
			path = Pods;
			sourceTree = "<group>";
		};
		A592F49424DD9B5C00141AF6 = {
			isa = PBXGroup;
			children = (
				A592F49F24DD9B5C00141AF6 /* Uber */,
				A592F49E24DD9B5C00141AF6 /* Products */,
				96B89160F271A19EE0A8078C /* Pods */,
				EB2CBFE40EFF81D385276F32 /* Frameworks */,
			);
			sourceTree = "<group>";
		};
		A592F49E24DD9B5C00141AF6 /* Products */ = {
			isa = PBXGroup;
			children = (
				A592F49D24DD9B5C00141AF6 /* Uber.app */,
			);
			name = Products;
			sourceTree = "<group>";
		};
		A592F49F24DD9B5C00141AF6 /* Uber */ = {
			isa = PBXGroup;
			children = (
				A592F4A024DD9B5C00141AF6 /* AppDelegate.swift */,
				A592F4A224DD9B5C00141AF6 /* SceneDelegate.swift */,
				A592F4A424DD9B5C00141AF6 /* ViewController.swift */,
				A592F4B624DF019600141AF6 /* RiderViewController.swift */,
				A592F4BA24DF7B2400141AF6 /* DriverTableViewController.swift */,
				A592F4BC24DF82CA00141AF6 /* AcceptRequestViewController.swift */,
				A592F4A624DD9B5C00141AF6 /* Main.storyboard */,
				A592F4A924DD9B6500141AF6 /* Assets.xcassets */,
				A592F4AB24DD9B6500141AF6 /* LaunchScreen.storyboard */,
				A592F4AE24DD9B6500141AF6 /* Info.plist */,
				A592F4B424DD9CA200141AF6 /* GoogleService-Info.plist */,
			);
			path = Uber;
			sourceTree = "<group>";
		};
		EB2CBFE40EFF81D385276F32 /* Frameworks */ = {
			isa = PBXGroup;
			children = (
				EEC68E4383853EBDAE168536 /* Pods_Uber.framework */,
			);
			name = Frameworks;
			sourceTree = "<group>";
		};
/* End PBXGroup section */

/* Begin PBXNativeTarget section */
		A592F49C24DD9B5C00141AF6 /* Uber */ = {
			isa = PBXNativeTarget;
			buildConfigurationList = A592F4B124DD9B6500141AF6 /* Build configuration list for PBXNativeTarget "Uber" */;
			buildPhases = (
				EB4FFF6C4DCADD92CC83615A /* [CP] Check Pods Manifest.lock */,
				A592F49924DD9B5C00141AF6 /* Sources */,
				A592F49A24DD9B5C00141AF6 /* Frameworks */,
				A592F49B24DD9B5C00141AF6 /* Resources */,
				429F27C84379D642FE8B90B9 /* [CP] Embed Pods Frameworks */,
			);
			buildRules = (
			);
			dependencies = (
			);
			name = Uber;
			productName = Uber;
			productReference = A592F49D24DD9B5C00141AF6 /* Uber.app */;
			productType = "com.apple.product-type.application";
		};
/* End PBXNativeTarget section */

/* Begin PBXProject section */
		A592F49524DD9B5C00141AF6 /* Project object */ = {
			isa = PBXProject;
			attributes = {
				LastSwiftUpdateCheck = 1150;
				LastUpgradeCheck = 1150;
				ORGANIZATIONNAME = "Brian Kim";
				TargetAttributes = {
					A592F49C24DD9B5C00141AF6 = {
						CreatedOnToolsVersion = 11.5;
					};
				};
			};
			buildConfigurationList = A592F49824DD9B5C00141AF6 /* Build configuration list for PBXProject "Uber" */;
			compatibilityVersion = "Xcode 9.3";
			developmentRegion = en;
			hasScannedForEncodings = 0;
			knownRegions = (
				en,
				Base,
			);
			mainGroup = A592F49424DD9B5C00141AF6;
			productRefGroup = A592F49E24DD9B5C00141AF6 /* Products */;
			projectDirPath = "";
			projectRoot = "";
			targets = (
				A592F49C24DD9B5C00141AF6 /* Uber */,
			);
		};
/* End PBXProject section */

/* Begin PBXResourcesBuildPhase section */
		A592F49B24DD9B5C00141AF6 /* Resources */ = {
			isa = PBXResourcesBuildPhase;
			buildActionMask = 2147483647;
			files = (
				A592F4AD24DD9B6500141AF6 /* LaunchScreen.storyboard in Resources */,
				A592F4B524DD9CA200141AF6 /* GoogleService-Info.plist in Resources */,
				A592F4AA24DD9B6500141AF6 /* Assets.xcassets in Resources */,
				A592F4A824DD9B5C00141AF6 /* Main.storyboard in Resources */,
			);
			runOnlyForDeploymentPostprocessing = 0;
		};
/* End PBXResourcesBuildPhase section */

/* Begin PBXShellScriptBuildPhase section */
		429F27C84379D642FE8B90B9 /* [CP] Embed Pods Frameworks */ = {
			isa = PBXShellScriptBuildPhase;
			buildActionMask = 2147483647;
			files = (
			);
			inputFileListPaths = (
				"${PODS_ROOT}/Target Support Files/Pods-Uber/Pods-Uber-frameworks-${CONFIGURATION}-input-files.xcfilelist",
			);
			name = "[CP] Embed Pods Frameworks";
			outputFileListPaths = (
				"${PODS_ROOT}/Target Support Files/Pods-Uber/Pods-Uber-frameworks-${CONFIGURATION}-output-files.xcfilelist",
			);
			runOnlyForDeploymentPostprocessing = 0;
			shellPath = /bin/sh;
			shellScript = "\"${PODS_ROOT}/Target Support Files/Pods-Uber/Pods-Uber-frameworks.sh\"\n";
			showEnvVarsInLog = 0;
		};
		EB4FFF6C4DCADD92CC83615A /* [CP] Check Pods Manifest.lock */ = {
			isa = PBXShellScriptBuildPhase;
			buildActionMask = 2147483647;
			files = (
			);
			inputFileListPaths = (
			);
			inputPaths = (
				"${PODS_PODFILE_DIR_PATH}/Podfile.lock",
				"${PODS_ROOT}/Manifest.lock",
			);
			name = "[CP] Check Pods Manifest.lock";
			outputFileListPaths = (
			);
			outputPaths = (
				"$(DERIVED_FILE_DIR)/Pods-Uber-checkManifestLockResult.txt",
			);
			runOnlyForDeploymentPostprocessing = 0;
			shellPath = /bin/sh;
			shellScript = "diff \"${PODS_PODFILE_DIR_PATH}/Podfile.lock\" \"${PODS_ROOT}/Manifest.lock\" > /dev/null\nif [ $? != 0 ] ; then\n    # print error to STDERR\n    echo \"error: The sandbox is not in sync with the Podfile.lock. Run 'pod install' or update your CocoaPods installation.\" >&2\n    exit 1\nfi\n# This output is used by Xcode 'outputs' to avoid re-running this script phase.\necho \"SUCCESS\" > \"${SCRIPT_OUTPUT_FILE_0}\"\n";
			showEnvVarsInLog = 0;
		};
/* End PBXShellScriptBuildPhase section */

/* Begin PBXSourcesBuildPhase section */
		A592F49924DD9B5C00141AF6 /* Sources */ = {
			isa = PBXSourcesBuildPhase;
			buildActionMask = 2147483647;
			files = (
				A592F4A524DD9B5C00141AF6 /* ViewController.swift in Sources */,
				A592F4B724DF019600141AF6 /* RiderViewController.swift in Sources */,
				A592F4BB24DF7B2400141AF6 /* DriverTableViewController.swift in Sources */,
				A592F4A124DD9B5C00141AF6 /* AppDelegate.swift in Sources */,
				A592F4BD24DF82CA00141AF6 /* AcceptRequestViewController.swift in Sources */,
				A592F4A324DD9B5C00141AF6 /* SceneDelegate.swift in Sources */,
			);
			runOnlyForDeploymentPostprocessing = 0;
		};
/* End PBXSourcesBuildPhase section */

/* Begin PBXVariantGroup section */
		A592F4A624DD9B5C00141AF6 /* Main.storyboard */ = {
			isa = PBXVariantGroup;
			children = (
				A592F4A724DD9B5C00141AF6 /* Base */,
			);
			name = Main.storyboard;
			sourceTree = "<group>";
		};
		A592F4AB24DD9B6500141AF6 /* LaunchScreen.storyboard */ = {
			isa = PBXVariantGroup;
			children = (
				A592F4AC24DD9B6500141AF6 /* Base */,
			);
			name = LaunchScreen.storyboard;
			sourceTree = "<group>";
		};
/* End PBXVariantGroup section */

/* Begin XCBuildConfiguration section */
		A592F4AF24DD9B6500141AF6 /* Debug */ = {
			isa = XCBuildConfiguration;
			buildSettings = {
				ALWAYS_SEARCH_USER_PATHS = NO;
				CLANG_ANALYZER_NONNULL = YES;
				CLANG_ANALYZER_NUMBER_OBJECT_CONVERSION = YES_AGGRESSIVE;
				CLANG_CXX_LANGUAGE_STANDARD = "gnu++14";
				CLANG_CXX_LIBRARY = "libc++";
				CLANG_ENABLE_MODULES = YES;
				CLANG_ENABLE_OBJC_ARC = YES;
				CLANG_ENABLE_OBJC_WEAK = YES;
				CLANG_WARN_BLOCK_CAPTURE_AUTORELEASING = YES;
				CLANG_WARN_BOOL_CONVERSION = YES;
				CLANG_WARN_COMMA = YES;
				CLANG_WARN_CONSTANT_CONVERSION = YES;
				CLANG_WARN_DEPRECATED_OBJC_IMPLEMENTATIONS = YES;
				CLANG_WARN_DIRECT_OBJC_ISA_USAGE = YES_ERROR;
				CLANG_WARN_DOCUMENTATION_COMMENTS = YES;
				CLANG_WARN_EMPTY_BODY = YES;
				CLANG_WARN_ENUM_CONVERSION = YES;
				CLANG_WARN_INFINITE_RECURSION = YES;
				CLANG_WARN_INT_CONVERSION = YES;
				CLANG_WARN_NON_LITERAL_NULL_CONVERSION = YES;
				CLANG_WARN_OBJC_IMPLICIT_RETAIN_SELF = YES;
				CLANG_WARN_OBJC_LITERAL_CONVERSION = YES;
				CLANG_WARN_OBJC_ROOT_CLASS = YES_ERROR;
				CLANG_WARN_RANGE_LOOP_ANALYSIS = YES;
				CLANG_WARN_STRICT_PROTOTYPES = YES;
				CLANG_WARN_SUSPICIOUS_MOVE = YES;
				CLANG_WARN_UNGUARDED_AVAILABILITY = YES_AGGRESSIVE;
				CLANG_WARN_UNREACHABLE_CODE = YES;
				CLANG_WARN__DUPLICATE_METHOD_MATCH = YES;
				COPY_PHASE_STRIP = NO;
				DEBUG_INFORMATION_FORMAT = dwarf;
				ENABLE_STRICT_OBJC_MSGSEND = YES;
				ENABLE_TESTABILITY = YES;
				GCC_C_LANGUAGE_STANDARD = gnu11;
				GCC_DYNAMIC_NO_PIC = NO;
				GCC_NO_COMMON_BLOCKS = YES;
				GCC_OPTIMIZATION_LEVEL = 0;
				GCC_PREPROCESSOR_DEFINITIONS = (
					"DEBUG=1",
					"$(inherited)",
				);
				GCC_WARN_64_TO_32_BIT_CONVERSION = YES;
				GCC_WARN_ABOUT_RETURN_TYPE = YES_ERROR;
				GCC_WARN_UNDECLARED_SELECTOR = YES;
				GCC_WARN_UNINITIALIZED_AUTOS = YES_AGGRESSIVE;
				GCC_WARN_UNUSED_FUNCTION = YES;
				GCC_WARN_UNUSED_VARIABLE = YES;
				IPHONEOS_DEPLOYMENT_TARGET = 13.5;
				MTL_ENABLE_DEBUG_INFO = INCLUDE_SOURCE;
				MTL_FAST_MATH = YES;
				ONLY_ACTIVE_ARCH = YES;
				SDKROOT = iphoneos;
				SWIFT_ACTIVE_COMPILATION_CONDITIONS = DEBUG;
				SWIFT_OPTIMIZATION_LEVEL = "-Onone";
			};
			name = Debug;
		};
		A592F4B024DD9B6500141AF6 /* Release */ = {
			isa = XCBuildConfiguration;
			buildSettings = {
				ALWAYS_SEARCH_USER_PATHS = NO;
				CLANG_ANALYZER_NONNULL = YES;
				CLANG_ANALYZER_NUMBER_OBJECT_CONVERSION = YES_AGGRESSIVE;
				CLANG_CXX_LANGUAGE_STANDARD = "gnu++14";
				CLANG_CXX_LIBRARY = "libc++";
				CLANG_ENABLE_MODULES = YES;
				CLANG_ENABLE_OBJC_ARC = YES;
				CLANG_ENABLE_OBJC_WEAK = YES;
				CLANG_WARN_BLOCK_CAPTURE_AUTORELEASING = YES;
				CLANG_WARN_BOOL_CONVERSION = YES;
				CLANG_WARN_COMMA = YES;
				CLANG_WARN_CONSTANT_CONVERSION = YES;
				CLANG_WARN_DEPRECATED_OBJC_IMPLEMENTATIONS = YES;
				CLANG_WARN_DIRECT_OBJC_ISA_USAGE = YES_ERROR;
				CLANG_WARN_DOCUMENTATION_COMMENTS = YES;
				CLANG_WARN_EMPTY_BODY = YES;
				CLANG_WARN_ENUM_CONVERSION = YES;
				CLANG_WARN_INFINITE_RECURSION = YES;
				CLANG_WARN_INT_CONVERSION = YES;
				CLANG_WARN_NON_LITERAL_NULL_CONVERSION = YES;
				CLANG_WARN_OBJC_IMPLICIT_RETAIN_SELF = YES;
				CLANG_WARN_OBJC_LITERAL_CONVERSION = YES;
				CLANG_WARN_OBJC_ROOT_CLASS = YES_ERROR;
				CLANG_WARN_RANGE_LOOP_ANALYSIS = YES;
				CLANG_WARN_STRICT_PROTOTYPES = YES;
				CLANG_WARN_SUSPICIOUS_MOVE = YES;
				CLANG_WARN_UNGUARDED_AVAILABILITY = YES_AGGRESSIVE;
				CLANG_WARN_UNREACHABLE_CODE = YES;
				CLANG_WARN__DUPLICATE_METHOD_MATCH = YES;
				COPY_PHASE_STRIP = NO;
				DEBUG_INFORMATION_FORMAT = "dwarf-with-dsym";
				ENABLE_NS_ASSERTIONS = NO;
				ENABLE_STRICT_OBJC_MSGSEND = YES;
				GCC_C_LANGUAGE_STANDARD = gnu11;
				GCC_NO_COMMON_BLOCKS = YES;
				GCC_WARN_64_TO_32_BIT_CONVERSION = YES;
				GCC_WARN_ABOUT_RETURN_TYPE = YES_ERROR;
				GCC_WARN_UNDECLARED_SELECTOR = YES;
				GCC_WARN_UNINITIALIZED_AUTOS = YES_AGGRESSIVE;
				GCC_WARN_UNUSED_FUNCTION = YES;
				GCC_WARN_UNUSED_VARIABLE = YES;
				IPHONEOS_DEPLOYMENT_TARGET = 13.5;
				MTL_ENABLE_DEBUG_INFO = NO;
				MTL_FAST_MATH = YES;
				SDKROOT = iphoneos;
				SWIFT_COMPILATION_MODE = wholemodule;
				SWIFT_OPTIMIZATION_LEVEL = "-O";
				VALIDATE_PRODUCT = YES;
			};
			name = Release;
		};
		A592F4B224DD9B6500141AF6 /* Debug */ = {
			isa = XCBuildConfiguration;
			baseConfigurationReference = BEA42C61DA5E977BE84201DB /* Pods-Uber.debug.xcconfig */;
			buildSettings = {
				ASSETCATALOG_COMPILER_APPICON_NAME = AppIcon;
				CODE_SIGN_STYLE = Automatic;
				INFOPLIST_FILE = Uber/Info.plist;
				LD_RUNPATH_SEARCH_PATHS = (
					"$(inherited)",
					"@executable_path/Frameworks",
				);
				PRODUCT_BUNDLE_IDENTIFIER = "Brian-Kim.Uber";
				PRODUCT_NAME = "$(TARGET_NAME)";
				SWIFT_VERSION = 5.0;
				TARGETED_DEVICE_FAMILY = "1,2";
			};
			name = Debug;
		};
		A592F4B324DD9B6500141AF6 /* Release */ = {
			isa = XCBuildConfiguration;
			baseConfigurationReference = 9B36C442A0AC737BD709D355 /* Pods-Uber.release.xcconfig */;
			buildSettings = {
				ASSETCATALOG_COMPILER_APPICON_NAME = AppIcon;
				CODE_SIGN_STYLE = Automatic;
				INFOPLIST_FILE = Uber/Info.plist;
				LD_RUNPATH_SEARCH_PATHS = (
					"$(inherited)",
					"@executable_path/Frameworks",
				);
				PRODUCT_BUNDLE_IDENTIFIER = "Brian-Kim.Uber";
				PRODUCT_NAME = "$(TARGET_NAME)";
				SWIFT_VERSION = 5.0;
				TARGETED_DEVICE_FAMILY = "1,2";
			};
			name = Release;
		};
/* End XCBuildConfiguration section */

/* Begin XCConfigurationList section */
		A592F49824DD9B5C00141AF6 /* Build configuration list for PBXProject "Uber" */ = {
			isa = XCConfigurationList;
			buildConfigurations = (
				A592F4AF24DD9B6500141AF6 /* Debug */,
				A592F4B024DD9B6500141AF6 /* Release */,
			);
			defaultConfigurationIsVisible = 0;
			defaultConfigurationName = Release;
		};
		A592F4B124DD9B6500141AF6 /* Build configuration list for PBXNativeTarget "Uber" */ = {
			isa = XCConfigurationList;
			buildConfigurations = (
				A592F4B224DD9B6500141AF6 /* Debug */,
				A592F4B324DD9B6500141AF6 /* Release */,
			);
			defaultConfigurationIsVisible = 0;
			defaultConfigurationName = Release;
		};
/* End XCConfigurationList section */
	};
	rootObject = A592F49524DD9B5C00141AF6 /* Project object */;
}
